
Microsoft Visual Studio Solution File, Format Version 12.00
# Visual Studio Version 16
VisualStudioVersion = 16.0.29201.188
MinimumVisualStudioVersion = 10.0.40219.1
Project("{FAE04EC0-301F-11D3-BF4B-00C04F79EFBC}") = "BarberReservationSystem", "BarberReservationSystem.csproj", "{A2299179-4410-45EF-A6C6-26911E671A34}"
EndProject
Global
	GlobalSection(SolutionConfigurationPlatforms) = preSolution
		Debug|Any CPU = Debug|Any CPU
		Release|Any CPU = Release|Any CPU
	EndGlobalSection
	GlobalSection(ProjectConfigurationPlatforms) = postSolution
		{A2299179-4410-45EF-A6C6-26911E671A34}.Debug|Any CPU.ActiveCfg = Debug|Any CPU
		{A2299179-4410-45EF-A6C6-26911E671A34}.Debug|Any CPU.Build.0 = Debug|Any CPU
		{A2299179-4410-45EF-A6C6-26911E671A34}.Release|Any CPU.ActiveCfg = Release|Any CPU
		{A2299179-4410-45EF-A6C6-26911E671A34}.Release|Any CPU.Build.0 = Release|Any CPU
	EndGlobalSection
	GlobalSection(SolutionProperties) = preSolution
		HideSolutionNode = FALSE
	EndGlobalSection
	GlobalSection(ExtensibilityGlobals) = postSolution
		SolutionGuid = {F5A5694C-01F3-43BE-AE0A-CF2D54748477}
	EndGlobalSection
EndGlobal
